{
  "name": "max-stencil-app",
  "version": "0.0.1",
  "lockfileVersion": 1,
  "requires": true,
  "dependencies": {
    "@stencil/core": {
      "version": "1.8.6",
      "resolved": "https://registry.npmjs.org/@stencil/core/-/core-1.8.6.tgz",
      "integrity": "sha512-/xA71HVKG3aqfZdNTb55nXbgZUwgxrn4xwgj8kw3D7z1l0/Z5RuKUoOhnw3yW5IVArfuG3mZkbrt0GxvZlvQaQ==",
      "dev": true,
      "requires": {
        "typescript": "3.7.5"
      }
    },
    "@stencil/utils": {
      "version": "0.0.5",
      "resolved": "https://registry.npmjs.org/@stencil/utils/-/utils-0.0.5.tgz",
      "integrity": "sha512-YOmrMgSTzGZtC2hSrD7vXWIerhEcxzUu+pdKQ2wev4QO8O++WR1lZydFTfFgsA+NSCn6RYzPmhbGOrs9+PBw6Q==",
      "dev": true
    },
    "typescript": {
      "version": "3.7.5",
      "resolved": "https://registry.npmjs.org/typescript/-/typescript-3.7.5.tgz",
      "integrity": "sha512-/P5lkRXkWHNAbcJIiHPfRoKqyd7bsyCma1hZNUGfn20qm64T6ZBlrzprymeu918H+mB/0rIg2gGK/BXkhhYgBw==",
      "dev": true
    }
  }
}
